version = 1
revision = 3
requires-python = ">=3.13"

[[package]]
name = "anyio"
version = "4.13.0"
source = { registry = "https://pypi.org/simple" }
dependencies = [
    { name = "idna" },
]
sdist = { url = "https://files.pythonhosted.org/packages/19/14/2c5dd9f512b66549ae92767a9c7b330ae88e1932ca57876909410251fe13/anyio-4.13.0.tar.gz", hash = "sha256:334b70e641fd2221c1505b3890c69882fe4a2df910cba14d97019b90b24439dc", size = 231622, upload-time = "2026-03-24T12:59:09.671Z" }
wheels = [
    { url = "https://files.pythonhosted.org/packages/da/42/e921fccf5015463e32a3cf6ee7f980a6ed0f395ceeaa45060b61d86486c2/anyio-4.13.0-py3-none-any.whl", hash = "sha256:08b310f9e24a9594186fd75b4f73f4a4152069e3853f1ed8bfbf58369f4ad708", size = 114353, upload-time = "2026-03-24T12:59:08.246Z" },
]

[[package]]
name = "certifi"
version = "2026.5.20"
source = { registry = "https://pypi.org/simple" }
sdist = { url = "https://files.pythonhosted.org/packages/f3/ce/ee2ecad540810a79593028e88299baeae54d346cc7a0d94b6199988b89b1/certifi-2026.5.20.tar.gz", hash = "sha256:69dea482ab64caa7b9f6aba1c6bf48bb6a5448d1c0f1b17ab42ad8c763a5344d", size = 135422, upload-time = "2026-05-20T11:46:50.073Z" }
wheels = [
    { url = "https://files.pythonhosted.org/packages/59/8c/57e832b7af6d7c5abe66eb3fbe3a3a32f4d11ea23a1aa7131371035be991/certifi-2026.5.20-py3-none-any.whl", hash = "sha256:3c52e209ba0a4ad7aebe60436a4ab349c39e1e602e8c134221e546902ad25897", size = 134134, upload-time = "2026-05-20T11:46:48.578Z" },
]

[[package]]
name = "colorama"
version = "0.4.6"
source = { registry = "https://pypi.org/simple" }
sdist = { url = "https://files.pythonhosted.org/packages/d8/53/6f443c9a4a8358a93a6792e2acffb9d9d5cb0a5cfd8802644b7b1c9a02e4/colorama-0.4.6.tar.gz", hash = "sha256:08695f5cb7ed6e0531a20572697297273c47b8cae5a63ffc6d6ed5c201be6e44", size = 27697, upload-time = "2022-10-25T02:36:22.414Z" }
wheels = [
    { url = "https://files.pythonhosted.org/packages/d1/d6/3965ed04c63042e047cb6a3e6ed1a63a35087b6a609aa3a15ed8ac56c221/colorama-0.4.6-py2.py3-none-any.whl", hash = "sha256:4f1d9991f5acc0ca119f9d443620b77f9d6b33703e51011c16baf57afb285fc6", size = 25335, upload-time = "2022-10-25T02:36:20.889Z" },
]

[[package]]
name = "h11"
version = "0.16.0"
source = { registry = "https://pypi.org/simple" }
sdist = { url = "https://files.pythonhosted.org/packages/01/ee/02a2c011bdab74c6fb3c75474d40b3052059d95df7e73351460c8588d963/h11-0.16.0.tar.gz", hash = "sha256:4e35b956cf45792e4caa5885e69fba00bdbc6ffafbfa020300e549b208ee5ff1", size = 101250, upload-time = "2025-04-24T03:35:25.427Z" }
wheels = [
    { url = "https://files.pythonhosted.org/packages/04/4b/29cac41a4d98d144bf5f6d33995617b185d14b22401f75ca86f384e87ff1/h11-0.16.0-py3-none-any.whl", hash = "sha256:63cf8bbe7522de3bf65932fda1d9c2772064ffb3dae62d55932da54b31cb6c86", size = 37515, upload-time = "2025-04-24T03:35:24.344Z" },
]

[[package]]
name = "httpcore"
version = "1.0.9"
source = { registry = "https://pypi.org/simple" }
dependencies = [
    { name = "certifi" },
    { name = "h11" },
]
sdist = { url = "https://files.pythonhosted.org/packages/06/94/82699a10bca87a5556c9c59b5963f2d039dbd239f25bc2a63907a05a14cb/httpcore-1.0.9.tar.gz", hash = "sha256:6e34463af53fd2ab5d807f399a9b45ea31c3dfa2276f15a2c3f00afff6e176e8", size = 85484, upload-time = "2025-04-24T22:06:22.219Z" }
wheels = [
    { url = "https://files.pythonhosted.org/packages/7e/f5/f66802a942d491edb555dd61e3a9961140fd64c90bce1eafd741609d334d/httpcore-1.0.9-py3-none-any.whl", hash = "sha256:2d400746a40668fc9dec9810239072b40b4484b640a8c38fd654a024c7a1bf55", size = 78784, upload-time = "2025-04-24T22:06:20.566Z" },
]

[[package]]
name = "httpx"
version = "0.28.1"
source = { registry = "https://pypi.org/simple" }
dependencies = [
    { name = "anyio" },
    { name = "certifi" },
    { name = "httpcore" },
    { name = "idna" },
]
sdist = { url = "https://files.pythonhosted.org/packages/b1/df/48c586a5fe32a0f01324ee087459e112ebb7224f646c0b5023f5e79e9956/httpx-0.28.1.tar.gz", hash = "sha256:75e98c5f16b0f35b567856f597f06ff2270a374470a5c2392242528e3e3e42fc", size = 141406, upload-time = "2024-12-06T15:37:23.222Z" }
wheels = [
    { url = "https://files.pythonhosted.org/packages/2a/39/e50c7c3a983047577ee07d2a9e53faf5a69493943ec3f6a384bdc792deb2/httpx-0.28.1-py3-none-any.whl", hash = "sha256:d909fcccc110f8c7faf814ca82a9a4d816bc5a6dbfea25d6591d6985b8ba59ad", size = 73517, upload-time = "2024-12-06T15:37:21.509Z" },
]

[[package]]
name = "idna"
version = "3.17"
source = { registry = "https://pypi.org/simple" }
sdist = { url = "https://files.pythonhosted.org/packages/b9/28/99c51f664567218d824af024c0251650fb27e4ca066df188dab0769c5b91/idna-3.17.tar.gz", hash = "sha256:5eb0cb53bc467c12eadcf6de83163ad8527cec9416f44b9b61b19caedad2b87f", size = 196048, upload-time = "2026-05-28T14:32:38.55Z" }
wheels = [
    { url = "https://files.pythonhosted.org/packages/de/a7/f76514cc40ad6234098ecdebda08732d75964776c51a42845b7da10649e2/idna-3.17-py3-none-any.whl", hash = "sha256:466e48829084efe2548012b855df21540b96f2e20e51bd124c851536556a592c", size = 65316, upload-time = "2026-05-28T14:32:37.035Z" },
]

[[package]]
name = "loguru"
version = "0.7.3"
source = { registry = "https://pypi.org/simple" }
dependencies = [
    { name = "colorama", marker = "sys_platform == 'win32'" },
    { name = "win32-setctime", marker = "sys_platform == 'win32'" },
]
sdist = { url = "https://files.pythonhosted.org/packages/3a/05/a1dae3dffd1116099471c643b8924f5aa6524411dc6c63fdae648c4f1aca/loguru-0.7.3.tar.gz", hash = "sha256:19480589e77d47b8d85b2c827ad95d49bf31b0dcde16593892eb51dd18706eb6", size = 63559, upload-time = "2024-12-06T11:20:56.608Z" }
wheels = [
    { url = "https://files.pythonhosted.org/packages/0c/29/0348de65b8cc732daa3e33e67806420b2ae89bdce2b04af740289c5c6c8c/loguru-0.7.3-py3-none-any.whl", hash = "sha256:31a33c10c8e1e10422bfd431aeb5d351c7cf7fa671e3c4df004162264b28220c", size = 61595, upload-time = "2024-12-06T11:20:54.538Z" },
]

[[package]]
name = "pivoshenko"
version = "1.0.0"
source = { virtual = "." }
dependencies = [
    { name = "httpx" },
    { name = "loguru" },
]

[package.dev-dependencies]
formatters = [
    { name = "pyupgrade" },
    { name = "ruff" },
]
linters = [
    { name = "ruff" },
    { name = "ty" },
]

[package.metadata]
requires-dist = [
    { name = "httpx", specifier = "~=0.28.1" },
    { name = "loguru", specifier = "~=0.7.3" },
]

[package.metadata.requires-dev]
formatters = [
    { name = "pyupgrade", specifier = "~=3.21.2" },
    { name = "ruff", specifier = "~=0.15.15" },
]
linters = [
    { name = "ruff", specifier = "~=0.15.15" },
    { name = "ty", specifier = "~=0.0.40" },
]

[[package]]
name = "pyupgrade"
version = "3.21.2"
source = { registry = "https://pypi.org/simple" }
dependencies = [
    { name = "tokenize-rt" },
]
sdist = { url = "https://files.pythonhosted.org/packages/7f/a1/dc63caaeed232b1c58eae1b7a75f262d64ab8435882f696ffa9b58c0c415/pyupgrade-3.21.2.tar.gz", hash = "sha256:1a361bea39deda78d1460f65d9dd548d3a36ff8171d2482298539b9dc11c9c06", size = 45455, upload-time = "2025-11-19T00:39:48.012Z" }
wheels = [
    { url = "https://files.pythonhosted.org/packages/16/8c/433dac11910989a90c40b10149d07ef7224232236971a562d3976790ec53/pyupgrade-3.21.2-py2.py3-none-any.whl", hash = "sha256:2ac7b95cbd176475041e4dfe8ef81298bd4654a244f957167bd68af37d52be9f", size = 62814, upload-time = "2025-11-19T00:39:46.958Z" },
]

[[package]]
name = "ruff"
version = "0.15.15"
source = { registry = "https://pypi.org/simple" }
sdist = { url = "https://files.pythonhosted.org/packages/84/6f/a76f7d96e5c962f5b69cee865e49c15c1116897c01990faa8a57edb62e7f/ruff-0.15.15.tar.gz", hash = "sha256:b8dff018130b46d8e5bf0f926ef6b60cf871d6d5ae45fc9334e09632daa741d6", size = 4706985, upload-time = "2026-05-28T14:16:57.784Z" }
wheels = [
    { url = "https://files.pythonhosted.org/packages/fa/9d/3a45c05b8ab04b4705989de70a79008e27c8003296a0feaee9edc18dd7e9/ruff-0.15.15-py3-none-linux_armv6l.whl", hash = "sha256:cf93e5388f412e1b108b1f8b34a6e036b70fe8aff89393befad96fe48670311b", size = 10710652, upload-time = "2026-05-28T14:16:06.701Z" },
    { url = "https://files.pythonhosted.org/packages/05/66/da974431624bf3b49f6ee1f9543c02d929ff1cba78b0d5a79c38cf21f744/ruff-0.15.15-py3-none-macosx_10_12_x86_64.whl", hash = "sha256:ac5a646d1f6a7dadd5d50842dae2c1f9862ac887ef5d1b1375e02def791fde6e", size = 11096615, upload-time = "2026-05-28T14:16:23.313Z" },
    { url = "https://files.pythonhosted.org/packages/8c/09/7443452e5d290230a712103f2fdceeef7184f3ec99a2bd01c8be78aaceb5/ruff-0.15.15-py3-none-macosx_11_0_arm64.whl", hash = "sha256:77d955a431430c66f72dd94e379ad38a16daea3d25094872ac4edf9e797be530", size = 10436683, upload-time = "2026-05-28T14:16:40.974Z" },
    { url = "https://files.pythonhosted.org/packages/53/01/d330c26a57fa4f3943a14424904027428315b700fe4d14a84bb123a649e5/ruff-0.15.15-py3-none-manylinux_2_17_aarch64.manylinux2014_aarch64.whl", hash = "sha256:7614ee79c69788cf6cedd568069ade9cecc22a1ad20494efe8d0c9ebb4b622d4", size = 10769064, upload-time = "2026-05-28T14:16:28.905Z" },
    { url = "https://files.pythonhosted.org/packages/1d/85/cc8770f8bdff541b1da8392d1634141fe4a0e3f4ee596605959b7906c27f/ruff-0.15.15-py3-none-manylinux_2_17_armv7l.manylinux2014_armv7l.whl", hash = "sha256:3cdb1679e06a1f6b47bc384714ae96f6e2fb65ca441eb78c43d2ca554176ce1f", size = 10511987, upload-time = "2026-05-28T14:16:43.732Z" },
    { url = "https://files.pythonhosted.org/packages/7c/29/8c190c1472b63013583ba391f3342036e02010544c1270455ed8e519bdf3/ruff-0.15.15-py3-none-manylinux_2_17_i686.manylinux2014_i686.whl", hash = "sha256:2728b93d7b23a603ea2c0ac6eb73d760bd38ec9de35f35fb41e18f7a3fee7622", size = 11275100, upload-time = "2026-05-28T14:16:55.244Z" },
    { url = "https://files.pythonhosted.org/packages/9f/6b/7e145ce2cc8e63d6834eca03d83a0e18d121def5c69f91b4cf4011ed4879/ruff-0.15.15-py3-none-manylinux_2_17_ppc64le.manylinux2014_ppc64le.whl", hash = "sha256:be582fcc0db438902c7792b08d6ddf6c9b9e21addaa10092c2c741cfb09e5a45", size = 12176903, upload-time = "2026-05-28T14:16:14.368Z" },
    { url = "https://files.pythonhosted.org/packages/80/a3/d5974637f68e451f7fadf015cf3101d1cd7d8ba5027cffe0b9e3826ebe6b/ruff-0.15.15-py3-none-manylinux_2_17_s390x.manylinux2014_s390x.whl", hash = "sha256:7aa77465b8ecaf1a27bea098d696f7fed5e1eccbd10b321b682d6de586ae5627", size = 11404550, upload-time = "2026-05-28T14:16:20.138Z" },
    { url = "https://files.pythonhosted.org/packages/fe/1c/e6e5e568f22be4fb05d6244234aba384c06b451252453b821e1a529263cf/ruff-0.15.15-py3-none-manylinux_2_17_x86_64.manylinux2014_x86_64.whl", hash = "sha256:48decfa11d740de4889de623be1463308346312f2409a56e24aa280c86162dc4", size = 11382027, upload-time = "2026-05-28T14:16:46.615Z" },
    { url = "https://files.pythonhosted.org/packages/1d/01/170921b49fcd2e8858825593f91cf7146c3e40a5c3e6df763e4bb0484dde/ruff-0.15.15-py3-none-manylinux_2_31_riscv64.whl", hash = "sha256:a5015088452ca0081387063649ec67f06d3d1d6b8b936a1f836b5e9657ecd48c", size = 11366041, upload-time = "2026-05-28T14:16:26.247Z" },
    { url = "https://files.pythonhosted.org/packages/87/54/a7bad711d7de93254e15e06a4c375b89a03d18de45d3e5dcc86a4472fb1a/ruff-0.15.15-py3-none-musllinux_1_2_aarch64.whl", hash = "sha256:f5294aab6356c81600fcdea3a62bb1b924dfd5e91767c12318d3f68f86af57cd", size = 10741795, upload-time = "2026-05-28T14:16:17.11Z" },
    { url = "https://files.pythonhosted.org/packages/c9/31/38c075963668f8b41c6914ee0f6f318727fbe30ab9145cb29e6df464c5fa/ruff-0.15.15-py3-none-musllinux_1_2_armv7l.whl", hash = "sha256:db5bd4d802415cca656dc1616070b725952d6ae95eb5d4831e49fbd94a38f75f", size = 10511117, upload-time = "2026-05-28T14:16:31.767Z" },
    { url = "https://files.pythonhosted.org/packages/9d/96/6ff689e1f7e375d1d97075eca022f74c2bab59554a432fe4d2e6f091986a/ruff-0.15.15-py3-none-musllinux_1_2_i686.whl", hash = "sha256:587a6278ed42059191c1a466e490bd7930fb50bd2e255398bc29616c895a61cb", size = 10994867, upload-time = "2026-05-28T14:16:35.149Z" },
    { url = "https://files.pythonhosted.org/packages/c3/c2/5dce0ab9f92a8d534fa62b9bf9caca3eddb8c1a81b616f5e195ada4f0d6e/ruff-0.15.15-py3-none-musllinux_1_2_x86_64.whl", hash = "sha256:df0c1c084f5f4be9812f61518a45c440d3c30d69ce4bf6c5270e66d38338f02a", size = 11482101, upload-time = "2026-05-28T14:16:49.598Z" },
    { url = "https://files.pythonhosted.org/packages/b1/c0/1003b60edd697c649faf61f1a34094b1abb38fb3d1181e3f895781250a08/ruff-0.15.15-py3-none-win32.whl", hash = "sha256:29428ea79694afbe756d45fd59b36f22b6b020dc0443cf7de0173046236964b9", size = 10716774, upload-time = "2026-05-28T14:16:52.337Z" },
    { url = "https://files.pythonhosted.org/packages/02/a8/1269eddd6945a06c23f055ef7848886e37cf9d6a8bebb386a3115f01470c/ruff-0.15.15-py3-none-win_amd64.whl", hash = "sha256:8df0323902e15e24bc4bf246da830573d3cf3352bd0b9a164eab335d111ff4a4", size = 11868463, upload-time = "2026-05-28T14:16:11.333Z" },
    { url = "https://files.pythonhosted.org/packages/4e/b2/920464c907b191e37469d477a1aa8bc048b8f36c4c1610dfa4ab87b39e18/ruff-0.15.15-py3-none-win_arm64.whl", hash = "sha256:3c8ceca6792f38196b8f589bc92eccd03eef286602da92e5dc05cc42ef6441b7", size = 11138498, upload-time = "2026-05-28T14:16:38.425Z" },
]

[[package]]
name = "tokenize-rt"
version = "6.2.0"
source = { registry = "https://pypi.org/simple" }
sdist = { url = "https://files.pythonhosted.org/packages/69/ed/8f07e893132d5051d86a553e749d5c89b2a4776eb3a579b72ed61f8559ca/tokenize_rt-6.2.0.tar.gz", hash = "sha256:8439c042b330c553fdbe1758e4a05c0ed460dbbbb24a606f11f0dee75da4cad6", size = 5476, upload-time = "2025-05-23T23:48:00.035Z" }
wheels = [
    { url = "https://files.pythonhosted.org/packages/33/f0/3fe8c6e69135a845f4106f2ff8b6805638d4e85c264e70114e8126689587/tokenize_rt-6.2.0-py2.py3-none-any.whl", hash = "sha256:a152bf4f249c847a66497a4a95f63376ed68ac6abf092a2f7cfb29d044ecff44", size = 6004, upload-time = "2025-05-23T23:47:58.812Z" },
]

[[package]]
name = "ty"
version = "0.0.40"
source = { registry = "https://pypi.org/simple" }
sdist = { url = "https://files.pythonhosted.org/packages/5a/f8/a754c96967b71de8723f88be17df8738216bd382ffed229cd500b7a24d13/ty-0.0.40.tar.gz", hash = "sha256:883b53dd98f6e5b33ab1c8e1a3cd94b0f29c762ef22cdf1e86aaffb4fd711c67", size = 5726484, upload-time = "2026-05-27T17:55:43.615Z" }
wheels = [
    { url = "https://files.pythonhosted.org/packages/2c/42/d029a72165ad39f95228b67355927fbd35c821dc8e3e475d49f47c2eeb1e/ty-0.0.40-py3-none-linux_armv6l.whl", hash = "sha256:9defb4742450e569a6a09de286a04008d6c2e815112da4362c88b6eaa2f52a36", size = 11406372, upload-time = "2026-05-27T17:55:49.633Z" },
    { url = "https://files.pythonhosted.org/packages/23/99/7f8ea09b7e49afbf795cb3341a3217f30f228db7e62a2268ed8cbbf813d6/ty-0.0.40-py3-none-macosx_10_12_x86_64.whl", hash = "sha256:868258a3330db88b683fcafe2c4e936d6226a6312799bf15b585d93557b2d38c", size = 11159782, upload-time = "2026-05-27T17:55:47.405Z" },
    { url = "https://files.pythonhosted.org/packages/04/d8/1ea745ee97a98b26ae9564d19a430a76a35297cd450e84dcaad22e1f7ee8/ty-0.0.40-py3-none-macosx_11_0_arm64.whl", hash = "sha256:589c81060cf1e7a9ffa2f45bfa35ffd9b9fbd214104e3f13959f113627efcd91", size = 10594139, upload-time = "2026-05-27T17:55:37.206Z" },
    { url = "https://files.pythonhosted.org/packages/39/1a/fbef21273c6617ff4715b4827ee1c0b6550aa7d1df4b8c43b325545c1cf4/ty-0.0.40-py3-none-manylinux_2_17_aarch64.manylinux2014_aarch64.whl", hash = "sha256:7b06108990cb338d941c315ae6e9ba2fff8f518bc15d3f33e5619ff6a6c9beab", size = 11114156, upload-time = "2026-05-27T17:55:56.11Z" },
    { url = "https://files.pythonhosted.org/packages/3c/f9/389fc4976d7ec016a7473cf1274bf9c4f491bb54c66649bd022bff9f2b6a/ty-0.0.40-py3-none-manylinux_2_17_armv7l.manylinux2014_armv7l.whl", hash = "sha256:3913ef37336bec4f96bd2512f8c3a543ca34c259b7170f7eb5adf75b3ed7f04c", size = 11189050, upload-time = "2026-05-27T17:55:54.099Z" },
    { url = "https://files.pythonhosted.org/packages/fa/a9/4ecabbf4bdda7df0d99d8d3892c6edac0efc8c4cae756a5109178a3d0e86/ty-0.0.40-py3-none-manylinux_2_17_i686.manylinux2014_i686.whl", hash = "sha256:8fd1486bd5fe48779a8aa857137f3642a0a9161f5cf57d4380f4a0ecea01c8f3", size = 11664266, upload-time = "2026-05-27T17:55:28.17Z" },
    { url = "https://files.pythonhosted.org/packages/45/02/0aa78730116507c265afb1d6d5961c583b49d4c2e368c4a49fd81bcae6dc/ty-0.0.40-py3-none-manylinux_2_17_ppc64le.manylinux2014_ppc64le.whl", hash = "sha256:1668364d5254a734329917ee66c2c5fdd5665389d41043f6fce0f22ddb32b749", size = 12187743, upload-time = "2026-05-27T17:56:04.337Z" },
    { url = "https://files.pythonhosted.org/packages/e6/68/ccabf2d173523598271a385c1d3f864dbda23e5ebdc67f5969b9e830ea05/ty-0.0.40-py3-none-manylinux_2_17_s390x.manylinux2014_s390x.whl", hash = "sha256:43f77a73edb91e5dfa2ab9af7c4cac64614f8cc121f38a8875f22e830d3aba6a", size = 11862999, upload-time = "2026-05-27T17:55:58.087Z" },
    { url = "https://files.pythonhosted.org/packages/03/8d/6d7ec22771bb23d534797cdb446eb644bccfe7a62b729bb99e7235a02fc3/ty-0.0.40-py3-none-manylinux_2_17_x86_64.manylinux2014_x86_64.whl", hash = "sha256:1274ce0212ecbfed01bda7c3659c46e8bd0068e32d00c46c790466a95274c3df", size = 11743896, upload-time = "2026-05-27T17:56:00.017Z" },
    { url = "https://files.pythonhosted.org/packages/cd/a4/f9fa076b010c91cb249b1fcc3476569b7b8462cb4b688da2d04c23a0622f/ty-0.0.40-py3-none-manylinux_2_31_riscv64.whl", hash = "sha256:5ee1261dbc363e5cc1a0c5bb0c8612c192bfe53491214df8bc85a540835685f9", size = 11883581, upload-time = "2026-05-27T17:56:02.319Z" },
    { url = "https://files.pythonhosted.org/packages/fd/0f/5b776a2328c756d574dd4d6afbd30fc24e1ab4b76935c7c3c23f27ebbcb9/ty-0.0.40-py3-none-musllinux_1_2_aarch64.whl", hash = "sha256:6220e2cd5cdc4683dd87fb150d195bbd9f1a021395e04cb08bd3c66ea6da6ef8", size = 11093946, upload-time = "2026-05-27T17:55:33.284Z" },
    { url = "https://files.pythonhosted.org/packages/64/c4/eb23154bae83ad7c2935e9e5916660fb3e31598a92ee232aebd79410480c/ty-0.0.40-py3-none-musllinux_1_2_armv7l.whl", hash = "sha256:46b9ed69d01d98ef046afac9983c68336f572605ea2a27b90fbe6f80bfc8d6b7", size = 11210737, upload-time = "2026-05-27T17:55:45.523Z" },
    { url = "https://files.pythonhosted.org/packages/ff/19/1fb2529703f708cacfd13a89f98613cae2907dfa941b26976467e6119803/ty-0.0.40-py3-none-musllinux_1_2_i686.whl", hash = "sha256:ddbca9fab4406260f141674ab5efcfe7b02bd468e6985e4cdde0a21626e69ffe", size = 11332563, upload-time = "2026-05-27T17:55:41.674Z" },
    { url = "https://files.pythonhosted.org/packages/87/69/b3f5a8ef26c31204e0391147b3adcdb0674eda3e7d99868478ef168a41c6/ty-0.0.40-py3-none-musllinux_1_2_x86_64.whl", hash = "sha256:b1fcc082a749e6dc11b68fe9aab0420238bbf2a2374c2c7aa3c22e8c1618b136", size = 11843216, upload-time = "2026-05-27T17:55:35.367Z" },
    { url = "https://files.pythonhosted.org/packages/ac/e8/20193069d32787f3e1a6ec8940aaa3759d3de8f48f9281bcc0c5cb0939da/ty-0.0.40-py3-none-win32.whl", hash = "sha256:75feb115b3587824c5bdf8f8305e9547b0d1e398e3077b0addc7a1988ea9bb50", size = 10670731, upload-time = "2026-05-27T17:55:31.316Z" },
    { url = "https://files.pythonhosted.org/packages/a3/f9/8b2aa4da61db81322d4a2f9db227afeb48110ca15ae31d380f64c64ceb63/ty-0.0.40-py3-none-win_amd64.whl", hash = "sha256:b0f905edaad788bd61f779a85801b60a267a25ed57fca05aaddd168d9d8896be", size = 11766211, upload-time = "2026-05-27T17:55:51.898Z" },
    { url = "https://files.pythonhosted.org/packages/04/87/369056ed46f1b235130ec0595393262f9cd2061ca3dab276d490980f9343/ty-0.0.40-py3-none-win_arm64.whl", hash = "sha256:07da2b09d9130e2c9a257d2a29beb53105835b0256ee5fdb288fe1aab83fee47", size = 11117369, upload-time = "2026-05-27T17:55:39.329Z" },
]

[[package]]
name = "win32-setctime"
version = "1.2.0"
source = { registry = "https://pypi.org/simple" }
sdist = { url = "https://files.pythonhosted.org/packages/b3/8f/705086c9d734d3b663af0e9bb3d4de6578d08f46b1b101c2442fd9aecaa2/win32_setctime-1.2.0.tar.gz", hash = "sha256:ae1fdf948f5640aae05c511ade119313fb6a30d7eabe25fef9764dca5873c4c0", size = 4867, upload-time = "2024-12-07T15:28:28.314Z" }
wheels = [
    { url = "https://files.pythonhosted.org/packages/e1/07/c6fe3ad3e685340704d314d765b7912993bcb8dc198f0e7a89382d37974b/win32_setctime-1.2.0-py3-none-any.whl", hash = "sha256:95d644c4e708aba81dc3704a116d8cbc974d70b3bdb8be1d150e36be6e9d1390", size = 4083, upload-time = "2024-12-07T15:28:26.465Z" },
]
